
Microsoft Visual Studio Solution File, Format Version 12.00
# Visual Studio Version 17
VisualStudioVersion = 17.5.33516.290
MinimumVisualStudioVersion = 10.0.40219.1
Project("{FAE04EC0-301F-11D3-BF4B-00C04F79EFBC}") = "AI-Analyze-Text", "AI-Analyze-Text.csproj", "{20070F75-0BA0-4120-9847-72BFF4CF5B52}"
EndProject
Global
	GlobalSection(SolutionConfigurationPlatforms) = preSolution
		Debug|Any CPU = Debug|Any CPU
		Release|Any CPU = Release|Any CPU
	EndGlobalSection
	GlobalSection(ProjectConfigurationPlatforms) = postSolution
		{20070F75-0BA0-4120-9847-72BFF4CF5B52}.Debug|Any CPU.ActiveCfg = Debug|Any CPU
		{20070F75-0BA0-4120-9847-72BFF4CF5B52}.Debug|Any CPU.Build.0 = Debug|Any CPU
		{20070F75-0BA0-4120-9847-72BFF4CF5B52}.Release|Any CPU.ActiveCfg = Release|Any CPU
		{20070F75-0BA0-4120-9847-72BFF4CF5B52}.Release|Any CPU.Build.0 = Release|Any CPU
	EndGlobalSection
	GlobalSection(SolutionProperties) = preSolution
		HideSolutionNode = FALSE
	EndGlobalSection
	GlobalSection(ExtensibilityGlobals) = postSolution
		SolutionGuid = {8F86A173-0D51-49A4-B66A-09B289748A9D}
	EndGlobalSection
EndGlobal
